<?xml version="1.0" encoding="utf-8"?>
<Project ToolsVersion="4.0" xmlns="http://schemas.microsoft.com/developer/msbuild/2003">
  <ItemGroup>
    <Filter Include="Archivos de origen">
      <UniqueIdentifier>{4FC737F1-C7A5-4376-A066-2A32D752A2FF}</UniqueIdentifier>
      <Extensions>cpp;c;cc;cxx;c++;cppm;ixx;def;odl;idl;hpj;bat;asm;asmx</Extensions>
    </Filter>
    <Filter Include="Archivos de encabezado">
      <UniqueIdentifier>{93995380-89BD-4b04-88EB-625FBE52EBFB}</UniqueIdentifier>
      <Extensions>h;hh;hpp;hxx;h++;hm;inl;inc;ipp;xsd</Extensions>
    </Filter>
    <Filter Include="Archivos de recursos">
      <UniqueIdentifier>{67DA6AB6-F800-4c08-8B7A-83BB121AAD01}</UniqueIdentifier>
      <Extensions>rc;ico;cur;bmp;dlg;rc2;rct;bin;rgs;gif;jpg;jpeg;jpe;resx;tiff;tif;png;wav;mfcribbon-ms</Extensions>
    </Filter>
  </ItemGroup>
  <ItemGroup>
    <ClInclude Include="asset_hook.h">
      <Filter>Archivos de encabezado</Filter>
    </ClInclude>
    <ClInclude Include="bootstrap.h">
      <Filter>Archivos de encabezado</Filter>
    </ClInclude>
    <ClInclude Include="byte_storage.h">
      <Filter>Archivos de encabezado</Filter>
    </ClInclude>
    <ClInclude Include="dds_validation.h">
      <Filter>Archivos de encabezado</Filter>
    </ClInclude>
    <ClInclude Include="framework.h">
      <Filter>Archivos de encabezado</Filter>
    </ClInclude>
    <ClInclude Include="pch.h">
      <Filter>Archivos de encabezado</Filter>
    </ClInclude>
    <ClInclude Include="proxy_dinput8.h">
      <Filter>Archivos de encabezado</Filter>
    </ClInclude>
    <ClInclude Include="game_build.h">
      <Filter>Archivos de encabezado</Filter>
    </ClInclude>
    <ClInclude Include="logging.h">
      <Filter>Archivos de encabezado</Filter>
    </ClInclude>
    <ClInclude Include="memory_range.h">
      <Filter>Archivos de encabezado</Filter>
    </ClInclude>
    <ClInclude Include="mod_index.h">
      <Filter>Archivos de encabezado</Filter>
    </ClInclude>
    <ClInclude Include="sha256.h">
      <Filter>Archivos de encabezado</Filter>
    </ClInclude>
    <ClInclude Include="signature_scan.h">
      <Filter>Archivos de encabezado</Filter>
    </ClInclude>
    <ClInclude Include="virtual_path.h">
      <Filter>Archivos de encabezado</Filter>
    </ClInclude>
  </ItemGroup>
  <ItemGroup>
    <ClCompile Include="asset_hook.cpp">
      <Filter>Archivos de origen</Filter>
    </ClCompile>
    <ClCompile Include="bootstrap.cpp">
      <Filter>Archivos de origen</Filter>
    </ClCompile>
    <ClCompile Include="dllmain.cpp">
      <Filter>Archivos de origen</Filter>
    </ClCompile>
    <ClCompile Include="pch.cpp">
      <Filter>Archivos de origen</Filter>
    </ClCompile>
    <ClCompile Include="proxy_dinput8.cpp">
      <Filter>Archivos de origen</Filter>
    </ClCompile>
    <ClCompile Include="byte_storage.cpp">
      <Filter>Archivos de origen</Filter>
    </ClCompile>
    <ClCompile Include="dds_validation.cpp">
      <Filter>Archivos de origen</Filter>
    </ClCompile>
    <ClCompile Include="game_build.cpp">
      <Filter>Archivos de origen</Filter>
    </ClCompile>
    <ClCompile Include="logging.cpp">
      <Filter>Archivos de origen</Filter>
    </ClCompile>
    <ClCompile Include="memory_range.cpp">
      <Filter>Archivos de origen</Filter>
    </ClCompile>
    <ClCompile Include="mod_index.cpp">
      <Filter>Archivos de origen</Filter>
    </ClCompile>
    <ClCompile Include="sha256.cpp">
      <Filter>Archivos de origen</Filter>
    </ClCompile>
    <ClCompile Include="signature_scan.cpp">
      <Filter>Archivos de origen</Filter>
    </ClCompile>
    <ClCompile Include="virtual_path.cpp">
      <Filter>Archivos de origen</Filter>
    </ClCompile>
  </ItemGroup>
  <ItemGroup>
    <None Include="dinput8.def">
      <Filter>Archivos de origen</Filter>
    </None>
    <None Include="vcpkg-configuration.json" />
    <None Include="vcpkg.json" />
  </ItemGroup>
</Project>
